
Microsoft Visual Studio Solution File, Format Version 12.00
# Visual Studio Version 17
VisualStudioVersion = 17.3.32922.545
MinimumVisualStudioVersion = 10.0.40219.1
Project("{9A19103F-16F7-4668-BE54-9A1E7A4F7556}") = "Hotel.API", "Hotel.API\Hotel.API.csproj", "{4B80A2B1-92C7-4D92-956E-A53FA54382BA}"
EndProject
Project("{9A19103F-16F7-4668-BE54-9A1E7A4F7556}") = "Hotel.Database", "Hotel.Database\Hotel.Database.csproj", "{5B5BE3C6-0E66-4D69-904D-C79011684B40}"
EndProject
Project("{FAE04EC0-301F-11D3-BF4B-00C04F79EFBC}") = "Hotel.Application", "Hotel.Application\Hotel.Application.csproj", "{77C6B584-9640-4D3D-865A-9D1A78A42D75}"
EndProject
Global
	GlobalSection(SolutionConfigurationPlatforms) = preSolution
		Debug|Any CPU = Debug|Any CPU
		Release|Any CPU = Release|Any CPU
	EndGlobalSection
	GlobalSection(ProjectConfigurationPlatforms) = postSolution
		{4B80A2B1-92C7-4D92-956E-A53FA54382BA}.Debug|Any CPU.ActiveCfg = Debug|Any CPU
		{4B80A2B1-92C7-4D92-956E-A53FA54382BA}.Debug|Any CPU.Build.0 = Debug|Any CPU
		{4B80A2B1-92C7-4D92-956E-A53FA54382BA}.Release|Any CPU.ActiveCfg = Release|Any CPU
		{4B80A2B1-92C7-4D92-956E-A53FA54382BA}.Release|Any CPU.Build.0 = Release|Any CPU
		{5B5BE3C6-0E66-4D69-904D-C79011684B40}.Debug|Any CPU.ActiveCfg = Debug|Any CPU
		{5B5BE3C6-0E66-4D69-904D-C79011684B40}.Debug|Any CPU.Build.0 = Debug|Any CPU
		{5B5BE3C6-0E66-4D69-904D-C79011684B40}.Release|Any CPU.ActiveCfg = Release|Any CPU
		{5B5BE3C6-0E66-4D69-904D-C79011684B40}.Release|Any CPU.Build.0 = Release|Any CPU
		{77C6B584-9640-4D3D-865A-9D1A78A42D75}.Debug|Any CPU.ActiveCfg = Debug|Any CPU
		{77C6B584-9640-4D3D-865A-9D1A78A42D75}.Debug|Any CPU.Build.0 = Debug|Any CPU
		{77C6B584-9640-4D3D-865A-9D1A78A42D75}.Release|Any CPU.ActiveCfg = Release|Any CPU
		{77C6B584-9640-4D3D-865A-9D1A78A42D75}.Release|Any CPU.Build.0 = Release|Any CPU
	EndGlobalSection
	GlobalSection(SolutionProperties) = preSolution
		HideSolutionNode = FALSE
	EndGlobalSection
	GlobalSection(ExtensibilityGlobals) = postSolution
		SolutionGuid = {050BEEC1-B79E-458B-A5FD-E729F18C7434}
	EndGlobalSection
EndGlobal
